
Microsoft Visual Studio Solution File, Format Version 12.00
# Visual Studio Version 17
VisualStudioVersion = 17.1.32319.34
MinimumVisualStudioVersion = 10.0.40219.1
Project("{9A19103F-16F7-4668-BE54-9A1E7A4F7556}") = "Entidades", "Entidades\Entidades.csproj", "{A0582527-3B0C-4946-8DFF-FE3DBF1F64DA}"
EndProject
Project("{FAE04EC0-301F-11D3-BF4B-00C04F79EFBC}") = "MiCalculadora", "miCalculadora\MiCalculadora.csproj", "{564879D5-46EE-4410-9262-1DE74191F754}"
EndProject
Global
	GlobalSection(SolutionConfigurationPlatforms) = preSolution
		Debug|Any CPU = Debug|Any CPU
		Release|Any CPU = Release|Any CPU
	EndGlobalSection
	GlobalSection(ProjectConfigurationPlatforms) = postSolution
		{A0582527-3B0C-4946-8DFF-FE3DBF1F64DA}.Debug|Any CPU.ActiveCfg = Debug|Any CPU
		{A0582527-3B0C-4946-8DFF-FE3DBF1F64DA}.Debug|Any CPU.Build.0 = Debug|Any CPU
		{A0582527-3B0C-4946-8DFF-FE3DBF1F64DA}.Release|Any CPU.ActiveCfg = Release|Any CPU
		{A0582527-3B0C-4946-8DFF-FE3DBF1F64DA}.Release|Any CPU.Build.0 = Release|Any CPU
		{564879D5-46EE-4410-9262-1DE74191F754}.Debug|Any CPU.ActiveCfg = Debug|Any CPU
		{564879D5-46EE-4410-9262-1DE74191F754}.Debug|Any CPU.Build.0 = Debug|Any CPU
		{564879D5-46EE-4410-9262-1DE74191F754}.Release|Any CPU.ActiveCfg = Release|Any CPU
		{564879D5-46EE-4410-9262-1DE74191F754}.Release|Any CPU.Build.0 = Release|Any CPU
	EndGlobalSection
	GlobalSection(SolutionProperties) = preSolution
		HideSolutionNode = FALSE
	EndGlobalSection
	GlobalSection(ExtensibilityGlobals) = postSolution
		SolutionGuid = {2BA6A519-7188-4842-8CD3-B2F22DFBA3B4}
	EndGlobalSection
EndGlobal
